
Microsoft Visual Studio Solution File, Format Version 12.00
# Visual Studio Version 17
VisualStudioVersion = 17.10.35027.167
MinimumVisualStudioVersion = 10.0.40219.1
Project("{FAE04EC0-301F-11D3-BF4B-00C04F79EFBC}") = "ExploringVariables_Assignment", "ExploringVariables_Assignment\ExploringVariables_Assignment.csproj", "{13BC7A3E-6744-4D86-9B55-2BFC068B52E5}"
EndProject
Global
	GlobalSection(SolutionConfigurationPlatforms) = preSolution
		Debug|Any CPU = Debug|Any CPU
		Release|Any CPU = Release|Any CPU
	EndGlobalSection
	GlobalSection(ProjectConfigurationPlatforms) = postSolution
		{13BC7A3E-6744-4D86-9B55-2BFC068B52E5}.Debug|Any CPU.ActiveCfg = Debug|Any CPU
		{13BC7A3E-6744-4D86-9B55-2BFC068B52E5}.Debug|Any CPU.Build.0 = Debug|Any CPU
		{13BC7A3E-6744-4D86-9B55-2BFC068B52E5}.Release|Any CPU.ActiveCfg = Release|Any CPU
		{13BC7A3E-6744-4D86-9B55-2BFC068B52E5}.Release|Any CPU.Build.0 = Release|Any CPU
	EndGlobalSection
	GlobalSection(SolutionProperties) = preSolution
		HideSolutionNode = FALSE
	EndGlobalSection
	GlobalSection(ExtensibilityGlobals) = postSolution
		SolutionGuid = {08879DE9-283E-41ED-A693-5FEB5C0F0847}
	EndGlobalSection
EndGlobal
